
Microsoft Visual Studio Solution File, Format Version 12.00
# Visual Studio Version 16
VisualStudioVersion = 16.0.30011.22
MinimumVisualStudioVersion = 10.0.40219.1
Project("{2150E333-8FDC-42A3-9474-1A3956D46DE8}") = "docs", "docs", "{F795554A-C1EA-4B77-A0D4-5483DA14A716}"
EndProject
Project("{2150E333-8FDC-42A3-9474-1A3956D46DE8}") = "lib", "lib", "{0B759606-0647-4AD4-BC53-E7B626B63F88}"
EndProject
Project("{2150E333-8FDC-42A3-9474-1A3956D46DE8}") = "test", "test", "{EB0507BA-BAEA-4886-B4F9-6F3AD1F05D9E}"
EndProject
Project("{2150E333-8FDC-42A3-9474-1A3956D46DE8}") = "domain", "domain", "{6E2AA8B3-6E28-442E-A713-DBA2749B9249}"
EndProject
Project("{2150E333-8FDC-42A3-9474-1A3956D46DE8}") = "infrastructure", "infrastructure", "{1FBA3352-2204-45FA-8BBB-0C89593DFCB2}"
EndProject
Project("{2150E333-8FDC-42A3-9474-1A3956D46DE8}") = "common", "common", "{9C7332BC-E7A8-48AD-BC4C-6AB862329277}"
EndProject
Project("{2150E333-8FDC-42A3-9474-1A3956D46DE8}") = "core", "core", "{874236DF-763C-4272-863D-48EC9A556F38}"
EndProject
Project("{2150E333-8FDC-42A3-9474-1A3956D46DE8}") = "security", "security", "{FBE42BDF-E6BA-4227-BC28-62CE136AB986}"
EndProject
Project("{9A19103F-16F7-4668-BE54-9A1E7A4F7556}") = "LSS.HCM.Core.Domain", "lib\domain\core\LSS.HCM.Core.Domain\LSS.HCM.Core.Domain.csproj", "{571F9B4E-C6E0-4496-B31F-9CC98749B9D5}"
EndProject
Project("{9A19103F-16F7-4668-BE54-9A1E7A4F7556}") = "LSS.HCM.Core.Security", "lib\domain\security\LSS.HCM.Core.Security\LSS.HCM.Core.Security.csproj", "{2A40A003-1617-4E19-8D2C-CEC8E140F4FF}"
EndProject
Project("{9A19103F-16F7-4668-BE54-9A1E7A4F7556}") = "LSS.HCM.Core.Infrastructure", "lib\infrastructure\LSS.HCM.Core.Infrastructure\LSS.HCM.Core.Infrastructure.csproj", "{042DF1B1-E3FE-411D-B618-6924060F5DA8}"
EndProject
Project("{9A19103F-16F7-4668-BE54-9A1E7A4F7556}") = "LSS.HCM.Core.Entities", "lib\domain\core\LSS.HCM.Core.Entities\LSS.HCM.Core.Entities.csproj", "{233E4BD2-0123-4861-9FEE-80B022338975}"
EndProject
Project("{9A19103F-16F7-4668-BE54-9A1E7A4F7556}") = "LSS.HCM.Core.DataObjects", "lib\domain\common\LSS.HCM.Core.DataObjects\LSS.HCM.Core.DataObjects.csproj", "{618EDAB7-0232-4A4C-8A99-560B7ACC9880}"
EndProject
Project("{2150E333-8FDC-42A3-9474-1A3956D46DE8}") = "unit", "unit", "{B2D56088-66E0-410D-8A67-D212F4703771}"
EndProject
Project("{2150E333-8FDC-42A3-9474-1A3956D46DE8}") = "integration", "integration", "{5E8D796A-C64A-41AC-B0A0-9E1096309939}"
EndProject
Project("{9A19103F-16F7-4668-BE54-9A1E7A4F7556}") = "LSS.HCM.Core.Security.UnitTest", "test\unit\LSS.HCM.Core.Security.UnitTest\LSS.HCM.Core.Security.UnitTest.csproj", "{83C5F742-1711-4803-A53D-F0AD50750562}"
EndProject
Project("{9A19103F-16F7-4668-BE54-9A1E7A4F7556}") = "LSS.HCM.UnitTest.DependencyResolver", "test\unit\LSS.HCM.UnitTest.DependencyResolver\LSS.HCM.UnitTest.DependencyResolver.csproj", "{254685CF-11DB-46C4-9C56-D39DC042AE8F}"
EndProject
Project("{9A19103F-16F7-4668-BE54-9A1E7A4F7556}") = "LSS.HCM.Core.Validator", "lib\domain\common\LSS.HCM.Core.Validator\LSS.HCM.Core.Validator.csproj", "{6D7F50AD-AFD8-4561-BB06-FBF5DC1A6E03}"
EndProject
Project("{9A19103F-16F7-4668-BE54-9A1E7A4F7556}") = "LSS.HCM.Core.Common", "lib\domain\common\LSS.HCM.Core.Common\LSS.HCM.Core.Common.csproj", "{D109FD81-9957-4430-A458-4ECE8A66CCAB}"
EndProject
Project("{9A19103F-16F7-4668-BE54-9A1E7A4F7556}") = "LSS.HCM.Core.Validator.UnitTest", "test\unit\LSS.HCM.Core.Validator.UnitTest\LSS.HCM.Core.Validator.UnitTest.csproj", "{75A5E94E-E30E-4BE6-8DFD-3B3631F7EF48}"
EndProject
Project("{2150E333-8FDC-42A3-9474-1A3956D46DE8}") = "presentation", "presentation", "{BF28D8BD-FECC-4830-8A76-21349EFC0F54}"
EndProject
Project("{9A19103F-16F7-4668-BE54-9A1E7A4F7556}") = "HardwareControlModule.TestCaller", "lib\presentation\HardwareControlModule.TestCaller\HardwareControlModule.TestCaller.csproj", "{6BCB733A-D7F5-4DD4-AECE-CA38374F6F39}"
EndProject
Global
	GlobalSection(SolutionConfigurationPlatforms) = preSolution
		Debug|Any CPU = Debug|Any CPU
		Release|Any CPU = Release|Any CPU
	EndGlobalSection
	GlobalSection(ProjectConfigurationPlatforms) = postSolution
		{571F9B4E-C6E0-4496-B31F-9CC98749B9D5}.Debug|Any CPU.ActiveCfg = Debug|Any CPU
		{571F9B4E-C6E0-4496-B31F-9CC98749B9D5}.Debug|Any CPU.Build.0 = Debug|Any CPU
		{571F9B4E-C6E0-4496-B31F-9CC98749B9D5}.Release|Any CPU.ActiveCfg = Release|Any CPU
		{571F9B4E-C6E0-4496-B31F-9CC98749B9D5}.Release|Any CPU.Build.0 = Release|Any CPU
		{2A40A003-1617-4E19-8D2C-CEC8E140F4FF}.Debug|Any CPU.ActiveCfg = Debug|Any CPU
		{2A40A003-1617-4E19-8D2C-CEC8E140F4FF}.Debug|Any CPU.Build.0 = Debug|Any CPU
		{2A40A003-1617-4E19-8D2C-CEC8E140F4FF}.Release|Any CPU.ActiveCfg = Release|Any CPU
		{2A40A003-1617-4E19-8D2C-CEC8E140F4FF}.Release|Any CPU.Build.0 = Release|Any CPU
		{042DF1B1-E3FE-411D-B618-6924060F5DA8}.Debug|Any CPU.ActiveCfg = Debug|Any CPU
		{042DF1B1-E3FE-411D-B618-6924060F5DA8}.Debug|Any CPU.Build.0 = Debug|Any CPU
		{042DF1B1-E3FE-411D-B618-6924060F5DA8}.Release|Any CPU.ActiveCfg = Release|Any CPU
		{042DF1B1-E3FE-411D-B618-6924060F5DA8}.Release|Any CPU.Build.0 = Release|Any CPU
		{233E4BD2-0123-4861-9FEE-80B022338975}.Debug|Any CPU.ActiveCfg = Debug|Any CPU
		{233E4BD2-0123-4861-9FEE-80B022338975}.Debug|Any CPU.Build.0 = Debug|Any CPU
		{233E4BD2-0123-4861-9FEE-80B022338975}.Release|Any CPU.ActiveCfg = Release|Any CPU
		{233E4BD2-0123-4861-9FEE-80B022338975}.Release|Any CPU.Build.0 = Release|Any CPU
		{618EDAB7-0232-4A4C-8A99-560B7ACC9880}.Debug|Any CPU.ActiveCfg = Debug|Any CPU
		{618EDAB7-0232-4A4C-8A99-560B7ACC9880}.Debug|Any CPU.Build.0 = Debug|Any CPU
		{618EDAB7-0232-4A4C-8A99-560B7ACC9880}.Release|Any CPU.ActiveCfg = Release|Any CPU
		{618EDAB7-0232-4A4C-8A99-560B7ACC9880}.Release|Any CPU.Build.0 = Release|Any CPU
		{83C5F742-1711-4803-A53D-F0AD50750562}.Debug|Any CPU.ActiveCfg = Debug|Any CPU
		{83C5F742-1711-4803-A53D-F0AD50750562}.Debug|Any CPU.Build.0 = Debug|Any CPU
		{83C5F742-1711-4803-A53D-F0AD50750562}.Release|Any CPU.ActiveCfg = Release|Any CPU
		{83C5F742-1711-4803-A53D-F0AD50750562}.Release|Any CPU.Build.0 = Release|Any CPU
		{254685CF-11DB-46C4-9C56-D39DC042AE8F}.Debug|Any CPU.ActiveCfg = Debug|Any CPU
		{254685CF-11DB-46C4-9C56-D39DC042AE8F}.Debug|Any CPU.Build.0 = Debug|Any CPU
		{254685CF-11DB-46C4-9C56-D39DC042AE8F}.Release|Any CPU.ActiveCfg = Release|Any CPU
		{254685CF-11DB-46C4-9C56-D39DC042AE8F}.Release|Any CPU.Build.0 = Release|Any CPU
		{6D7F50AD-AFD8-4561-BB06-FBF5DC1A6E03}.Debug|Any CPU.ActiveCfg = Debug|Any CPU
		{6D7F50AD-AFD8-4561-BB06-FBF5DC1A6E03}.Debug|Any CPU.Build.0 = Debug|Any CPU
		{6D7F50AD-AFD8-4561-BB06-FBF5DC1A6E03}.Release|Any CPU.ActiveCfg = Release|Any CPU
		{6D7F50AD-AFD8-4561-BB06-FBF5DC1A6E03}.Release|Any CPU.Build.0 = Release|Any CPU
		{D109FD81-9957-4430-A458-4ECE8A66CCAB}.Debug|Any CPU.ActiveCfg = Debug|Any CPU
		{D109FD81-9957-4430-A458-4ECE8A66CCAB}.Debug|Any CPU.Build.0 = Debug|Any CPU
		{D109FD81-9957-4430-A458-4ECE8A66CCAB}.Release|Any CPU.ActiveCfg = Release|Any CPU
		{D109FD81-9957-4430-A458-4ECE8A66CCAB}.Release|Any CPU.Build.0 = Release|Any CPU
		{75A5E94E-E30E-4BE6-8DFD-3B3631F7EF48}.Debug|Any CPU.ActiveCfg = Debug|Any CPU
		{75A5E94E-E30E-4BE6-8DFD-3B3631F7EF48}.Debug|Any CPU.Build.0 = Debug|Any CPU
		{75A5E94E-E30E-4BE6-8DFD-3B3631F7EF48}.Release|Any CPU.ActiveCfg = Release|Any CPU
		{75A5E94E-E30E-4BE6-8DFD-3B3631F7EF48}.Release|Any CPU.Build.0 = Release|Any CPU
		{6BCB733A-D7F5-4DD4-AECE-CA38374F6F39}.Debug|Any CPU.ActiveCfg = Debug|Any CPU
		{6BCB733A-D7F5-4DD4-AECE-CA38374F6F39}.Debug|Any CPU.Build.0 = Debug|Any CPU
		{6BCB733A-D7F5-4DD4-AECE-CA38374F6F39}.Release|Any CPU.ActiveCfg = Release|Any CPU
		{6BCB733A-D7F5-4DD4-AECE-CA38374F6F39}.Release|Any CPU.Build.0 = Release|Any CPU
	EndGlobalSection
	GlobalSection(SolutionProperties) = preSolution
		HideSolutionNode = FALSE
	EndGlobalSection
	GlobalSection(NestedProjects) = preSolution
		{6E2AA8B3-6E28-442E-A713-DBA2749B9249} = {0B759606-0647-4AD4-BC53-E7B626B63F88}
		{1FBA3352-2204-45FA-8BBB-0C89593DFCB2} = {0B759606-0647-4AD4-BC53-E7B626B63F88}
		{9C7332BC-E7A8-48AD-BC4C-6AB862329277} = {6E2AA8B3-6E28-442E-A713-DBA2749B9249}
		{874236DF-763C-4272-863D-48EC9A556F38} = {6E2AA8B3-6E28-442E-A713-DBA2749B9249}
		{FBE42BDF-E6BA-4227-BC28-62CE136AB986} = {6E2AA8B3-6E28-442E-A713-DBA2749B9249}
		{571F9B4E-C6E0-4496-B31F-9CC98749B9D5} = {874236DF-763C-4272-863D-48EC9A556F38}
		{2A40A003-1617-4E19-8D2C-CEC8E140F4FF} = {FBE42BDF-E6BA-4227-BC28-62CE136AB986}
		{042DF1B1-E3FE-411D-B618-6924060F5DA8} = {1FBA3352-2204-45FA-8BBB-0C89593DFCB2}
		{233E4BD2-0123-4861-9FEE-80B022338975} = {874236DF-763C-4272-863D-48EC9A556F38}
		{618EDAB7-0232-4A4C-8A99-560B7ACC9880} = {9C7332BC-E7A8-48AD-BC4C-6AB862329277}
		{B2D56088-66E0-410D-8A67-D212F4703771} = {EB0507BA-BAEA-4886-B4F9-6F3AD1F05D9E}
		{5E8D796A-C64A-41AC-B0A0-9E1096309939} = {EB0507BA-BAEA-4886-B4F9-6F3AD1F05D9E}
		{83C5F742-1711-4803-A53D-F0AD50750562} = {B2D56088-66E0-410D-8A67-D212F4703771}
		{254685CF-11DB-46C4-9C56-D39DC042AE8F} = {B2D56088-66E0-410D-8A67-D212F4703771}
		{6D7F50AD-AFD8-4561-BB06-FBF5DC1A6E03} = {9C7332BC-E7A8-48AD-BC4C-6AB862329277}
		{D109FD81-9957-4430-A458-4ECE8A66CCAB} = {9C7332BC-E7A8-48AD-BC4C-6AB862329277}
		{75A5E94E-E30E-4BE6-8DFD-3B3631F7EF48} = {B2D56088-66E0-410D-8A67-D212F4703771}
		{BF28D8BD-FECC-4830-8A76-21349EFC0F54} = {0B759606-0647-4AD4-BC53-E7B626B63F88}
		{6BCB733A-D7F5-4DD4-AECE-CA38374F6F39} = {BF28D8BD-FECC-4830-8A76-21349EFC0F54}
	EndGlobalSection
	GlobalSection(ExtensibilityGlobals) = postSolution
		SolutionGuid = {099DAEE2-BDA0-4F64-958A-D13257999892}
	EndGlobalSection
EndGlobal
